
Microsoft Visual Studio Solution File, Format Version 12.00
# Visual Studio 15
VisualStudioVersion = 15.0.26124.0
MinimumVisualStudioVersion = 15.0.26124.0
Project("{FAE04EC0-301F-11D3-BF4B-00C04F79EFBC}") = "CompanyName.ProjectName.Cli", "CompanyName.ProjectName.Cli\CompanyName.ProjectName.Cli.csproj", "{D3321500-A1A3-466C-8FC8-4EFA7B0A5D65}"
EndProject
Project("{FAE04EC0-301F-11D3-BF4B-00C04F79EFBC}") = "CompanyName.ProjectName.DataAccess.EF", "CompanyName.ProjectName.DataAccess.EF\CompanyName.ProjectName.DataAccess.EF.csproj", "{C03DD4FE-443A-4A99-82AD-6C1E4421CD30}"
EndProject
Project("{FAE04EC0-301F-11D3-BF4B-00C04F79EFBC}") = "CompanyName.ProjectName.Domain", "CompanyName.ProjectName.Domain\CompanyName.ProjectName.Domain.csproj", "{C13CB157-8520-4A15-A576-14055FA5F1E9}"
EndProject
Project("{FAE04EC0-301F-11D3-BF4B-00C04F79EFBC}") = "CompanyName.ProjectName.Infrastructure", "CompanyName.ProjectName.Infrastructure\CompanyName.ProjectName.Infrastructure.csproj", "{17A2B7CF-070B-40F9-B393-04D4298BDD96}"
EndProject
#if includeTest
Project("{FAE04EC0-301F-11D3-BF4B-00C04F79EFBC}") = "CompanyName.ProjectName.UnitTests", "CompanyName.ProjectName.UnitTests\CompanyName.ProjectName.UnitTests.csproj", "{4E161B3F-903A-48F5-B5E3-1795F857AA0D}"
EndProject
#endif
Global
	GlobalSection(SolutionConfigurationPlatforms) = preSolution
		Debug|Any CPU = Debug|Any CPU
		Debug|x64 = Debug|x64
		Debug|x86 = Debug|x86
		Release|Any CPU = Release|Any CPU
		Release|x64 = Release|x64
		Release|x86 = Release|x86
	EndGlobalSection
	GlobalSection(SolutionProperties) = preSolution
		HideSolutionNode = FALSE
	EndGlobalSection
	GlobalSection(ProjectConfigurationPlatforms) = postSolution
		{D3321500-A1A3-466C-8FC8-4EFA7B0A5D65}.Debug|Any CPU.ActiveCfg = Debug|Any CPU
		{D3321500-A1A3-466C-8FC8-4EFA7B0A5D65}.Debug|Any CPU.Build.0 = Debug|Any CPU
		{D3321500-A1A3-466C-8FC8-4EFA7B0A5D65}.Debug|x64.ActiveCfg = Debug|Any CPU
		{D3321500-A1A3-466C-8FC8-4EFA7B0A5D65}.Debug|x64.Build.0 = Debug|Any CPU
		{D3321500-A1A3-466C-8FC8-4EFA7B0A5D65}.Debug|x86.ActiveCfg = Debug|Any CPU
		{D3321500-A1A3-466C-8FC8-4EFA7B0A5D65}.Debug|x86.Build.0 = Debug|Any CPU
		{D3321500-A1A3-466C-8FC8-4EFA7B0A5D65}.Release|Any CPU.ActiveCfg = Release|Any CPU
		{D3321500-A1A3-466C-8FC8-4EFA7B0A5D65}.Release|Any CPU.Build.0 = Release|Any CPU
		{D3321500-A1A3-466C-8FC8-4EFA7B0A5D65}.Release|x64.ActiveCfg = Release|Any CPU
		{D3321500-A1A3-466C-8FC8-4EFA7B0A5D65}.Release|x64.Build.0 = Release|Any CPU
		{D3321500-A1A3-466C-8FC8-4EFA7B0A5D65}.Release|x86.ActiveCfg = Release|Any CPU
		{D3321500-A1A3-466C-8FC8-4EFA7B0A5D65}.Release|x86.Build.0 = Release|Any CPU
		{C03DD4FE-443A-4A99-82AD-6C1E4421CD30}.Debug|Any CPU.ActiveCfg = Debug|Any CPU
		{C03DD4FE-443A-4A99-82AD-6C1E4421CD30}.Debug|Any CPU.Build.0 = Debug|Any CPU
		{C03DD4FE-443A-4A99-82AD-6C1E4421CD30}.Debug|x64.ActiveCfg = Debug|Any CPU
		{C03DD4FE-443A-4A99-82AD-6C1E4421CD30}.Debug|x64.Build.0 = Debug|Any CPU
		{C03DD4FE-443A-4A99-82AD-6C1E4421CD30}.Debug|x86.ActiveCfg = Debug|Any CPU
		{C03DD4FE-443A-4A99-82AD-6C1E4421CD30}.Debug|x86.Build.0 = Debug|Any CPU
		{C03DD4FE-443A-4A99-82AD-6C1E4421CD30}.Release|Any CPU.ActiveCfg = Release|Any CPU
		{C03DD4FE-443A-4A99-82AD-6C1E4421CD30}.Release|Any CPU.Build.0 = Release|Any CPU
		{C03DD4FE-443A-4A99-82AD-6C1E4421CD30}.Release|x64.ActiveCfg = Release|Any CPU
		{C03DD4FE-443A-4A99-82AD-6C1E4421CD30}.Release|x64.Build.0 = Release|Any CPU
		{C03DD4FE-443A-4A99-82AD-6C1E4421CD30}.Release|x86.ActiveCfg = Release|Any CPU
		{C03DD4FE-443A-4A99-82AD-6C1E4421CD30}.Release|x86.Build.0 = Release|Any CPU
		{C13CB157-8520-4A15-A576-14055FA5F1E9}.Debug|Any CPU.ActiveCfg = Debug|Any CPU
		{C13CB157-8520-4A15-A576-14055FA5F1E9}.Debug|Any CPU.Build.0 = Debug|Any CPU
		{C13CB157-8520-4A15-A576-14055FA5F1E9}.Debug|x64.ActiveCfg = Debug|Any CPU
		{C13CB157-8520-4A15-A576-14055FA5F1E9}.Debug|x64.Build.0 = Debug|Any CPU
		{C13CB157-8520-4A15-A576-14055FA5F1E9}.Debug|x86.ActiveCfg = Debug|Any CPU
		{C13CB157-8520-4A15-A576-14055FA5F1E9}.Debug|x86.Build.0 = Debug|Any CPU
		{C13CB157-8520-4A15-A576-14055FA5F1E9}.Release|Any CPU.ActiveCfg = Release|Any CPU
		{C13CB157-8520-4A15-A576-14055FA5F1E9}.Release|Any CPU.Build.0 = Release|Any CPU
		{C13CB157-8520-4A15-A576-14055FA5F1E9}.Release|x64.ActiveCfg = Release|Any CPU
		{C13CB157-8520-4A15-A576-14055FA5F1E9}.Release|x64.Build.0 = Release|Any CPU
		{C13CB157-8520-4A15-A576-14055FA5F1E9}.Release|x86.ActiveCfg = Release|Any CPU
		{C13CB157-8520-4A15-A576-14055FA5F1E9}.Release|x86.Build.0 = Release|Any CPU
		{17A2B7CF-070B-40F9-B393-04D4298BDD96}.Debug|Any CPU.ActiveCfg = Debug|Any CPU
		{17A2B7CF-070B-40F9-B393-04D4298BDD96}.Debug|Any CPU.Build.0 = Debug|Any CPU
		{17A2B7CF-070B-40F9-B393-04D4298BDD96}.Debug|x64.ActiveCfg = Debug|Any CPU
		{17A2B7CF-070B-40F9-B393-04D4298BDD96}.Debug|x64.Build.0 = Debug|Any CPU
		{17A2B7CF-070B-40F9-B393-04D4298BDD96}.Debug|x86.ActiveCfg = Debug|Any CPU
		{17A2B7CF-070B-40F9-B393-04D4298BDD96}.Debug|x86.Build.0 = Debug|Any CPU
		{17A2B7CF-070B-40F9-B393-04D4298BDD96}.Release|Any CPU.ActiveCfg = Release|Any CPU
		{17A2B7CF-070B-40F9-B393-04D4298BDD96}.Release|Any CPU.Build.0 = Release|Any CPU
		{17A2B7CF-070B-40F9-B393-04D4298BDD96}.Release|x64.ActiveCfg = Release|Any CPU
		{17A2B7CF-070B-40F9-B393-04D4298BDD96}.Release|x64.Build.0 = Release|Any CPU
		{17A2B7CF-070B-40F9-B393-04D4298BDD96}.Release|x86.ActiveCfg = Release|Any CPU
		{17A2B7CF-070B-40F9-B393-04D4298BDD96}.Release|x86.Build.0 = Release|Any CPU
		#if includeTest
		{4E161B3F-903A-48F5-B5E3-1795F857AA0D}.Debug|Any CPU.ActiveCfg = Debug|Any CPU
		{4E161B3F-903A-48F5-B5E3-1795F857AA0D}.Debug|Any CPU.Build.0 = Debug|Any CPU
		{4E161B3F-903A-48F5-B5E3-1795F857AA0D}.Debug|x64.ActiveCfg = Debug|Any CPU
		{4E161B3F-903A-48F5-B5E3-1795F857AA0D}.Debug|x64.Build.0 = Debug|Any CPU
		{4E161B3F-903A-48F5-B5E3-1795F857AA0D}.Debug|x86.ActiveCfg = Debug|Any CPU
		{4E161B3F-903A-48F5-B5E3-1795F857AA0D}.Debug|x86.Build.0 = Debug|Any CPU
		{4E161B3F-903A-48F5-B5E3-1795F857AA0D}.Release|Any CPU.ActiveCfg = Release|Any CPU
		{4E161B3F-903A-48F5-B5E3-1795F857AA0D}.Release|Any CPU.Build.0 = Release|Any CPU
		{4E161B3F-903A-48F5-B5E3-1795F857AA0D}.Release|x64.ActiveCfg = Release|Any CPU
		{4E161B3F-903A-48F5-B5E3-1795F857AA0D}.Release|x64.Build.0 = Release|Any CPU
		{4E161B3F-903A-48F5-B5E3-1795F857AA0D}.Release|x86.ActiveCfg = Release|Any CPU
		{4E161B3F-903A-48F5-B5E3-1795F857AA0D}.Release|x86.Build.0 = Release|Any CPU
		#endif
	EndGlobalSection
EndGlobal
